
Microsoft Visual Studio Solution File, Format Version 12.00
# Visual Studio Version 17
VisualStudioVersion = 17.4.33403.182
MinimumVisualStudioVersion = 10.0.40219.1
Project("{9A19103F-16F7-4668-BE54-9A1E7A4F7556}") = "WebAppUI", "WebAppUI\WebAppUI.csproj", "{0A363136-73CD-4763-BC74-1287C03C14F0}"
EndProject
Project("{FAE04EC0-301F-11D3-BF4B-00C04F79EFBC}") = "TastyTableLibrary", "TastyTableLibrary\TastyTableLibrary.csproj", "{F8C13EA0-C378-47CE-B23B-7F5232EF16A2}"
EndProject
Global
	GlobalSection(SolutionConfigurationPlatforms) = preSolution
		Debug|Any CPU = Debug|Any CPU
		Release|Any CPU = Release|Any CPU
	EndGlobalSection
	GlobalSection(ProjectConfigurationPlatforms) = postSolution
		{0A363136-73CD-4763-BC74-1287C03C14F0}.Debug|Any CPU.ActiveCfg = Debug|Any CPU
		{0A363136-73CD-4763-BC74-1287C03C14F0}.Debug|Any CPU.Build.0 = Debug|Any CPU
		{0A363136-73CD-4763-BC74-1287C03C14F0}.Release|Any CPU.ActiveCfg = Release|Any CPU
		{0A363136-73CD-4763-BC74-1287C03C14F0}.Release|Any CPU.Build.0 = Release|Any CPU
		{F8C13EA0-C378-47CE-B23B-7F5232EF16A2}.Debug|Any CPU.ActiveCfg = Debug|Any CPU
		{F8C13EA0-C378-47CE-B23B-7F5232EF16A2}.Debug|Any CPU.Build.0 = Debug|Any CPU
		{F8C13EA0-C378-47CE-B23B-7F5232EF16A2}.Release|Any CPU.ActiveCfg = Release|Any CPU
		{F8C13EA0-C378-47CE-B23B-7F5232EF16A2}.Release|Any CPU.Build.0 = Release|Any CPU
	EndGlobalSection
	GlobalSection(SolutionProperties) = preSolution
		HideSolutionNode = FALSE
	EndGlobalSection
	GlobalSection(ExtensibilityGlobals) = postSolution
		SolutionGuid = {F8122433-D948-4C23-9286-28CF4C6B82A1}
	EndGlobalSection
EndGlobal
